// !$*UTF8*$!
{
	archiveVersion = 1;
	classes = {
	};
	objectVersion = 48;
	objects = {

/* Begin PBXBuildFile section */
		A71C707A1F9056420075003D /* 1.png in Resources */ = {isa = PBXBuildFile; fileRef = A71C70781F9056260075003D /* 1.png */; };
		A71C707B1F9056450075003D /* 2.png in Resources */ = {isa = PBXBuildFile; fileRef = A71C70751F9056250075003D /* 2.png */; };
		A71C707C1F9056470075003D /* 3.png in Resources */ = {isa = PBXBuildFile; fileRef = A71C70791F9056260075003D /* 3.png */; };
		A71C707D1F9056490075003D /* 4.png in Resources */ = {isa = PBXBuildFile; fileRef = A71C70761F9056250075003D /* 4.png */; };
		A71C707E1F90564C0075003D /* 5.png in Resources */ = {isa = PBXBuildFile; fileRef = A71C70771F9056260075003D /* 5.png */; };
		A758DAEE1F904289005C5ABC /* AppDelegate.m in Sources */ = {isa = PBXBuildFile; fileRef = A758DAED1F904289005C5ABC /* AppDelegate.m */; };
		A758DAF11F904289005C5ABC /* ViewController.m in Sources */ = {isa = PBXBuildFile; fileRef = A758DAF01F904289005C5ABC /* ViewController.m */; };
		A758DAF41F904289005C5ABC /* Main.storyboard in Resources */ = {isa = PBXBuildFile; fileRef = A758DAF21F904289005C5ABC /* Main.storyboard */; };
		A758DAF61F904289005C5ABC /* Assets.xcassets in Resources */ = {isa = PBXBuildFile; fileRef = A758DAF51F904289005C5ABC /* Assets.xcassets */; };
		A758DAF91F904289005C5ABC /* LaunchScreen.storyboard in Resources */ = {isa = PBXBuildFile; fileRef = A758DAF71F904289005C5ABC /* LaunchScreen.storyboard */; };
		A758DAFC1F904289005C5ABC /* main.m in Sources */ = {isa = PBXBuildFile; fileRef = A758DAFB1F904289005C5ABC /* main.m */; };
/* End PBXBuildFile section */

/* Begin PBXFileReference section */
		A71C70751F9056250075003D /* 2.png */ = {isa = PBXFileReference; lastKnownFileType = image.png; path = 2.png; sourceTree = "<group>"; };
		A71C70761F9056250075003D /* 4.png */ = {isa = PBXFileReference; lastKnownFileType = image.png; path = 4.png; sourceTree = "<group>"; };
		A71C70771F9056260075003D /* 5.png */ = {isa = PBXFileReference; lastKnownFileType = image.png; path = 5.png; sourceTree = "<group>"; };
		A71C70781F9056260075003D /* 1.png */ = {isa = PBXFileReference; lastKnownFileType = image.png; path = 1.png; sourceTree = "<group>"; };
		A71C70791F9056260075003D /* 3.png */ = {isa = PBXFileReference; lastKnownFileType = image.png; path = 3.png; sourceTree = "<group>"; };
		A758DAE91F904289005C5ABC /* animation.app */ = {isa = PBXFileReference; explicitFileType = wrapper.application; includeInIndex = 0; path = animation.app; sourceTree = BUILT_PRODUCTS_DIR; };
		A758DAEC1F904289005C5ABC /* AppDelegate.h */ = {isa = PBXFileReference; lastKnownFileType = sourcecode.c.h; path = AppDelegate.h; sourceTree = "<group>"; };
		A758DAED1F904289005C5ABC /* AppDelegate.m */ = {isa = PBXFileReference; lastKnownFileType = sourcecode.c.objc; path = AppDelegate.m; sourceTree = "<group>"; };
		A758DAEF1F904289005C5ABC /* ViewController.h */ = {isa = PBXFileReference; lastKnownFileType = sourcecode.c.h; path = ViewController.h; sourceTree = "<group>"; };
		A758DAF01F904289005C5ABC /* ViewController.m */ = {isa = PBXFileReference; lastKnownFileType = sourcecode.c.objc; path = ViewController.m; sourceTree = "<group>"; };
		A758DAF31F904289005C5ABC /* Base */ = {isa = PBXFileReference; lastKnownFileType = file.storyboard; name = Base; path = Base.lproj/Main.storyboard; sourceTree = "<group>"; };
		A758DAF51F904289005C5ABC /* Assets.xcassets */ = {isa = PBXFileReference; lastKnownFileType = folder.assetcatalog; path = Assets.xcassets; sourceTree = "<group>"; };
		A758DAF81F904289005C5ABC /* Base */ = {isa = PBXFileReference; lastKnownFileType = file.storyboard; name = Base; path = Base.lproj/LaunchScreen.storyboard; sourceTree = "<group>"; };
		A758DAFA1F904289005C5ABC /* Info.plist */ = {isa = PBXFileReference; lastKnownFileType = text.plist.xml; path = Info.plist; sourceTree = "<group>"; };
		A758DAFB1F904289005C5ABC /* main.m */ = {isa = PBXFileReference; lastKnownFileType = sourcecode.c.objc; path = main.m; sourceTree = "<group>"; };
/* End PBXFileReference section */

/* Begin PBXFrameworksBuildPhase section */
		A758DAE61F904289005C5ABC /* Frameworks */ = {
			isa = PBXFrameworksBuildPhase;
			buildActionMask = 2147483647;
			files = (
			);
			runOnlyForDeploymentPostprocessing = 0;
		};
/* End PBXFrameworksBuildPhase section */

/* Begin PBXGroup section */
		A758DAE01F904289005C5ABC = {
			isa = PBXGroup;
			children = (
				A758DAEB1F904289005C5ABC /* animation */,
				A758DAEA1F904289005C5ABC /* Products */,
				A71C70781F9056260075003D /* 1.png */,
				A71C70751F9056250075003D /* 2.png */,
				A71C70791F9056260075003D /* 3.png */,
				A71C70761F9056250075003D /* 4.png */,
				A71C70771F9056260075003D /* 5.png */,
			);
			sourceTree = "<group>";
		};
		A758DAEA1F904289005C5ABC /* Products */ = {
			isa = PBXGroup;
			children = (
				A758DAE91F904289005C5ABC /* animation.app */,
			);
			name = Products;
			sourceTree = "<group>";
		};
		A758DAEB1F904289005C5ABC /* animation */ = {
			isa = PBXGroup;
			children = (
				A758DAEC1F904289005C5ABC /* AppDelegate.h */,
				A758DAED1F904289005C5ABC /* AppDelegate.m */,
				A758DAEF1F904289005C5ABC /* ViewController.h */,
				A758DAF01F904289005C5ABC /* ViewController.m */,
				A758DAF21F904289005C5ABC /* Main.storyboard */,
				A758DAF51F904289005C5ABC /* Assets.xcassets */,
				A758DAF71F904289005C5ABC /* LaunchScreen.storyboard */,
				A758DAFA1F904289005C5ABC /* Info.plist */,
				A758DAFB1F904289005C5ABC /* main.m */,
			);
			path = animation;
			sourceTree = "<group>";
		};
/* End PBXGroup section */

/* Begin PBXNativeTarget section */
		A758DAE81F904289005C5ABC /* animation */ = {
			isa = PBXNativeTarget;
			buildConfigurationList = A758DAFF1F904289005C5ABC /* Build configuration list for PBXNativeTarget "animation" */;
			buildPhases = (
				A758DAE51F904289005C5ABC /* Sources */,
				A758DAE61F904289005C5ABC /* Frameworks */,
				A758DAE71F904289005C5ABC /* Resources */,
			);
			buildRules = (
			);
			dependencies = (
			);
			name = animation;
			productName = animation;
			productReference = A758DAE91F904289005C5ABC /* animation.app */;
			productType = "com.apple.product-type.application";
		};
/* End PBXNativeTarget section */

/* Begin PBXProject section */
		A758DAE11F904289005C5ABC /* Project object */ = {
			isa = PBXProject;
			attributes = {
				LastUpgradeCheck = 0900;
				ORGANIZATIONNAME = Runa;
				TargetAttributes = {
					A758DAE81F904289005C5ABC = {
						CreatedOnToolsVersion = 9.0;
						ProvisioningStyle = Automatic;
					};
				};
			};
			buildConfigurationList = A758DAE41F904289005C5ABC /* Build configuration list for PBXProject "animation" */;
			compatibilityVersion = "Xcode 8.0";
			developmentRegion = en;
			hasScannedForEncodings = 0;
			knownRegions = (
				en,
				Base,
			);
			mainGroup = A758DAE01F904289005C5ABC;
			productRefGroup = A758DAEA1F904289005C5ABC /* Products */;
			projectDirPath = "";
			projectRoot = "";
			targets = (
				A758DAE81F904289005C5ABC /* animation */,
			);
		};
/* End PBXProject section */

/* Begin PBXResourcesBuildPhase section */
		A758DAE71F904289005C5ABC /* Resources */ = {
			isa = PBXResourcesBuildPhase;
			buildActionMask = 2147483647;
			files = (
				A758DAF91F904289005C5ABC /* LaunchScreen.storyboard in Resources */,
				A71C707D1F9056490075003D /* 4.png in Resources */,
				A71C707A1F9056420075003D /* 1.png in Resources */,
				A71C707B1F9056450075003D /* 2.png in Resources */,
				A71C707C1F9056470075003D /* 3.png in Resources */,
				A71C707E1F90564C0075003D /* 5.png in Resources */,
				A758DAF61F904289005C5ABC /* Assets.xcassets in Resources */,
				A758DAF41F904289005C5ABC /* Main.storyboard in Resources */,
			);
			runOnlyForDeploymentPostprocessing = 0;
		};
/* End PBXResourcesBuildPhase section */

/* Begin PBXSourcesBuildPhase section */
		A758DAE51F904289005C5ABC /* Sources */ = {
			isa = PBXSourcesBuildPhase;
			buildActionMask = 2147483647;
			files = (
				A758DAF11F904289005C5ABC /* ViewController.m in Sources */,
				A758DAFC1F904289005C5ABC /* main.m in Sources */,
				A758DAEE1F904289005C5ABC /* AppDelegate.m in Sources */,
			);
			runOnlyForDeploymentPostprocessing = 0;
		};
/* End PBXSourcesBuildPhase section */

/* Begin PBXVariantGroup section */
		A758DAF21F904289005C5ABC /* Main.storyboard */ = {
			isa = PBXVariantGroup;
			children = (
				A758DAF31F904289005C5ABC /* Base */,
			);
			name = Main.storyboard;
			sourceTree = "<group>";
		};
		A758DAF71F904289005C5ABC /* LaunchScreen.storyboard */ = {
			isa = PBXVariantGroup;
			children = (
				A758DAF81F904289005C5ABC /* Base */,
			);
			name = LaunchScreen.storyboard;
			sourceTree = "<group>";
		};
/* End PBXVariantGroup section */

/* Begin XCBuildConfiguration section */
		A758DAFD1F904289005C5ABC /* Debug */ = {
			isa = XCBuildConfiguration;
			buildSettings = {
				ALWAYS_SEARCH_USER_PATHS = NO;
				CLANG_ANALYZER_NONNULL = YES;
				CLANG_ANALYZER_NUMBER_OBJECT_CONVERSION = YES_AGGRESSIVE;
				CLANG_CXX_LANGUAGE_STANDARD = "gnu++14";
				CLANG_CXX_LIBRARY = "libc++";
				CLANG_ENABLE_MODULES = YES;
				CLANG_ENABLE_OBJC_ARC = YES;
				CLANG_WARN_BLOCK_CAPTURE_AUTORELEASING = YES;
				CLANG_WARN_BOOL_CONVERSION = YES;
				CLANG_WARN_COMMA = YES;
				CLANG_WARN_CONSTANT_CONVERSION = YES;
				CLANG_WARN_DIRECT_OBJC_ISA_USAGE = YES_ERROR;
				CLANG_WARN_DOCUMENTATION_COMMENTS = YES;
				CLANG_WARN_EMPTY_BODY = YES;
				CLANG_WARN_ENUM_CONVERSION = YES;
				CLANG_WARN_INFINITE_RECURSION = YES;
				CLANG_WARN_INT_CONVERSION = YES;
				CLANG_WARN_NON_LITERAL_NULL_CONVERSION = YES;
				CLANG_WARN_OBJC_LITERAL_CONVERSION = YES;
				CLANG_WARN_OBJC_ROOT_CLASS = YES_ERROR;
				CLANG_WARN_RANGE_LOOP_ANALYSIS = YES;
				CLANG_WARN_STRICT_PROTOTYPES = YES;
				CLANG_WARN_SUSPICIOUS_MOVE = YES;
				CLANG_WARN_UNGUARDED_AVAILABILITY = YES_AGGRESSIVE;
				CLANG_WARN_UNREACHABLE_CODE = YES;
				CLANG_WARN__DUPLICATE_METHOD_MATCH = YES;
				CODE_SIGN_IDENTITY = "iPhone Developer";
				COPY_PHASE_STRIP = NO;
				DEBUG_INFORMATION_FORMAT = dwarf;
				ENABLE_STRICT_OBJC_MSGSEND = YES;
				ENABLE_TESTABILITY = YES;
				GCC_C_LANGUAGE_STANDARD = gnu11;
				GCC_DYNAMIC_NO_PIC = NO;
				GCC_NO_COMMON_BLOCKS = YES;
				GCC_OPTIMIZATION_LEVEL = 0;
				GCC_PREPROCESSOR_DEFINITIONS = (
					"DEBUG=1",
					"$(inherited)",
				);
				GCC_WARN_64_TO_32_BIT_CONVERSION = YES;
				GCC_WARN_ABOUT_RETURN_TYPE = YES_ERROR;
				GCC_WARN_UNDECLARED_SELECTOR = YES;
				GCC_WARN_UNINITIALIZED_AUTOS = YES_AGGRESSIVE;
				GCC_WARN_UNUSED_FUNCTION = YES;
				GCC_WARN_UNUSED_VARIABLE = YES;
				IPHONEOS_DEPLOYMENT_TARGET = 8.0;
				MTL_ENABLE_DEBUG_INFO = YES;
				ONLY_ACTIVE_ARCH = YES;
				SDKROOT = iphoneos;
			};
			name = Debug;
		};
		A758DAFE1F904289005C5ABC /* Release */ = {
			isa = XCBuildConfiguration;
			buildSettings = {
				ALWAYS_SEARCH_USER_PATHS = NO;
				CLANG_ANALYZER_NONNULL = YES;
				CLANG_ANALYZER_NUMBER_OBJECT_CONVERSION = YES_AGGRESSIVE;
				CLANG_CXX_LANGUAGE_STANDARD = "gnu++14";
				CLANG_CXX_LIBRARY = "libc++";
				CLANG_ENABLE_MODULES = YES;
				CLANG_ENABLE_OBJC_ARC = YES;
				CLANG_WARN_BLOCK_CAPTURE_AUTORELEASING = YES;
				CLANG_WARN_BOOL_CONVERSION = YES;
				CLANG_WARN_COMMA = YES;
				CLANG_WARN_CONSTANT_CONVERSION = YES;
				CLANG_WARN_DIRECT_OBJC_ISA_USAGE = YES_ERROR;
				CLANG_WARN_DOCUMENTATION_COMMENTS = YES;
				CLANG_WARN_EMPTY_BODY = YES;
				CLANG_WARN_ENUM_CONVERSION = YES;
				CLANG_WARN_INFINITE_RECURSION = YES;
				CLANG_WARN_INT_CONVERSION = YES;
				CLANG_WARN_NON_LITERAL_NULL_CONVERSION = YES;
				CLANG_WARN_OBJC_LITERAL_CONVERSION = YES;
				CLANG_WARN_OBJC_ROOT_CLASS = YES_ERROR;
				CLANG_WARN_RANGE_LOOP_ANALYSIS = YES;
				CLANG_WARN_STRICT_PROTOTYPES = YES;
				CLANG_WARN_SUSPICIOUS_MOVE = YES;
				CLANG_WARN_UNGUARDED_AVAILABILITY = YES_AGGRESSIVE;
				CLANG_WARN_UNREACHABLE_CODE = YES;
				CLANG_WARN__DUPLICATE_METHOD_MATCH = YES;
				CODE_SIGN_IDENTITY = "iPhone Developer";
				COPY_PHASE_STRIP = NO;
				DEBUG_INFORMATION_FORMAT = "dwarf-with-dsym";
				ENABLE_NS_ASSERTIONS = NO;
				ENABLE_STRICT_OBJC_MSGSEND = YES;
				GCC_C_LANGUAGE_STANDARD = gnu11;
				GCC_NO_COMMON_BLOCKS = YES;
				GCC_WARN_64_TO_32_BIT_CONVERSION = YES;
				GCC_WARN_ABOUT_RETURN_TYPE = YES_ERROR;
				GCC_WARN_UNDECLARED_SELECTOR = YES;
				GCC_WARN_UNINITIALIZED_AUTOS = YES_AGGRESSIVE;
				GCC_WARN_UNUSED_FUNCTION = YES;
				GCC_WARN_UNUSED_VARIABLE = YES;
				IPHONEOS_DEPLOYMENT_TARGET = 8.0;
				MTL_ENABLE_DEBUG_INFO = NO;
				SDKROOT = iphoneos;
				VALIDATE_PRODUCT = YES;
			};
			name = Release;
		};
		A758DB001F904289005C5ABC /* Debug */ = {
			isa = XCBuildConfiguration;
			buildSettings = {
				ASSETCATALOG_COMPILER_APPICON_NAME = AppIcon;
				CODE_SIGN_STYLE = Automatic;
				DEVELOPMENT_TEAM = 427SV6T46C;
				INFOPLIST_FILE = animation/Info.plist;
				IPHONEOS_DEPLOYMENT_TARGET = 8.0;
				LD_RUNPATH_SEARCH_PATHS = "$(inherited) @executable_path/Frameworks";
				PRODUCT_BUNDLE_IDENTIFIER = Runa.animation;
				PRODUCT_NAME = "$(TARGET_NAME)";
				TARGETED_DEVICE_FAMILY = "1,2";
			};
			name = Debug;
		};
		A758DB011F904289005C5ABC /* Release */ = {
			isa = XCBuildConfiguration;
			buildSettings = {
				ASSETCATALOG_COMPILER_APPICON_NAME = AppIcon;
				CODE_SIGN_STYLE = Automatic;
				DEVELOPMENT_TEAM = 427SV6T46C;
				INFOPLIST_FILE = animation/Info.plist;
				IPHONEOS_DEPLOYMENT_TARGET = 8.0;
				LD_RUNPATH_SEARCH_PATHS = "$(inherited) @executable_path/Frameworks";
				PRODUCT_BUNDLE_IDENTIFIER = Runa.animation;
				PRODUCT_NAME = "$(TARGET_NAME)";
				TARGETED_DEVICE_FAMILY = "1,2";
			};
			name = Release;
		};
/* End XCBuildConfiguration section */

/* Begin XCConfigurationList section */
		A758DAE41F904289005C5ABC /* Build configuration list for PBXProject "animation" */ = {
			isa = XCConfigurationList;
			buildConfigurations = (
				A758DAFD1F904289005C5ABC /* Debug */,
				A758DAFE1F904289005C5ABC /* Release */,
			);
			defaultConfigurationIsVisible = 0;
			defaultConfigurationName = Release;
		};
		A758DAFF1F904289005C5ABC /* Build configuration list for PBXNativeTarget "animation" */ = {
			isa = XCConfigurationList;
			buildConfigurations = (
				A758DB001F904289005C5ABC /* Debug */,
				A758DB011F904289005C5ABC /* Release */,
			);
			defaultConfigurationIsVisible = 0;
			defaultConfigurationName = Release;
		};
/* End XCConfigurationList section */
	};
	rootObject = A758DAE11F904289005C5ABC /* Project object */;
}
